
Microsoft Visual Studio Solution File, Format Version 12.00
# Visual Studio Version 17
VisualStudioVersion = 17.1.32228.430
MinimumVisualStudioVersion = 10.0.40219.1
Project("{FAE04EC0-301F-11D3-BF4B-00C04F79EFBC}") = "WpfAppPict", "WpfAppPict.csproj", "{B9EE8A70-1AAF-4740-AC57-ACBE0C3FC9EC}"
EndProject
Global
	GlobalSection(SolutionConfigurationPlatforms) = preSolution
		Debug|Any CPU = Debug|Any CPU
		Release|Any CPU = Release|Any CPU
	EndGlobalSection
	GlobalSection(ProjectConfigurationPlatforms) = postSolution
		{B9EE8A70-1AAF-4740-AC57-ACBE0C3FC9EC}.Debug|Any CPU.ActiveCfg = Debug|Any CPU
		{B9EE8A70-1AAF-4740-AC57-ACBE0C3FC9EC}.Debug|Any CPU.Build.0 = Debug|Any CPU
		{B9EE8A70-1AAF-4740-AC57-ACBE0C3FC9EC}.Release|Any CPU.ActiveCfg = Release|Any CPU
		{B9EE8A70-1AAF-4740-AC57-ACBE0C3FC9EC}.Release|Any CPU.Build.0 = Release|Any CPU
	EndGlobalSection
	GlobalSection(SolutionProperties) = preSolution
		HideSolutionNode = FALSE
	EndGlobalSection
	GlobalSection(ExtensibilityGlobals) = postSolution
		SolutionGuid = {DEF7F103-C226-4DE0-B999-2DF08929CCF8}
	EndGlobalSection
EndGlobal
